// !$*UTF8*$!
{
	archiveVersion = 1;
	classes = {
	};
	objectVersion = 56;
	objects = {

/* Begin PBXBuildFile section */
		88C97B262B0FC35B00078FAB /* CovidExamenApp.swift in Sources */ = {isa = PBXBuildFile; fileRef = 88C97B252B0FC35B00078FAB /* CovidExamenApp.swift */; };
		88C97B282B0FC35B00078FAB /* ContentView.swift in Sources */ = {isa = PBXBuildFile; fileRef = 88C97B272B0FC35B00078FAB /* ContentView.swift */; };
		88C97B2A2B0FC35C00078FAB /* Assets.xcassets in Resources */ = {isa = PBXBuildFile; fileRef = 88C97B292B0FC35C00078FAB /* Assets.xcassets */; };
		88C97B2D2B0FC35C00078FAB /* Preview Assets.xcassets in Resources */ = {isa = PBXBuildFile; fileRef = 88C97B2C2B0FC35C00078FAB /* Preview Assets.xcassets */; };
		88C97B372B0FC35C00078FAB /* CovidExamenTests.swift in Sources */ = {isa = PBXBuildFile; fileRef = 88C97B362B0FC35C00078FAB /* CovidExamenTests.swift */; };
		88C97B412B0FC35C00078FAB /* CovidExamenUITests.swift in Sources */ = {isa = PBXBuildFile; fileRef = 88C97B402B0FC35C00078FAB /* CovidExamenUITests.swift */; };
		88C97B432B0FC35C00078FAB /* CovidExamenUITestsLaunchTests.swift in Sources */ = {isa = PBXBuildFile; fileRef = 88C97B422B0FC35C00078FAB /* CovidExamenUITestsLaunchTests.swift */; };
		88C97B5C2B0FC79800078FAB /* NetworkAPIProtocol.swift in Sources */ = {isa = PBXBuildFile; fileRef = 88C97B5B2B0FC79800078FAB /* NetworkAPIProtocol.swift */; };
		88C97B5F2B0FC82500078FAB /* Alamofire in Frameworks */ = {isa = PBXBuildFile; productRef = 88C97B5E2B0FC82500078FAB /* Alamofire */; };
		88C97B622B0FC84200078FAB /* SDWebImageSwiftUI in Frameworks */ = {isa = PBXBuildFile; productRef = 88C97B612B0FC84200078FAB /* SDWebImageSwiftUI */; };
		88C97B642B0FC8CB00078FAB /* Covid.swift in Sources */ = {isa = PBXBuildFile; fileRef = 88C97B632B0FC8CB00078FAB /* Covid.swift */; };
		88C97B662B0FCC3100078FAB /* CovidListRequirement.swift in Sources */ = {isa = PBXBuildFile; fileRef = 88C97B652B0FCC3100078FAB /* CovidListRequirement.swift */; };
		88C97B682B0FCC8100078FAB /* CovidRepository.swift in Sources */ = {isa = PBXBuildFile; fileRef = 88C97B672B0FCC8100078FAB /* CovidRepository.swift */; };
		88C97B6A2B0FCCBC00078FAB /* CovidAPIService.swift in Sources */ = {isa = PBXBuildFile; fileRef = 88C97B692B0FCCBC00078FAB /* CovidAPIService.swift */; };
		88C97B6C2B0FCD2800078FAB /* ContentViewModel.swift in Sources */ = {isa = PBXBuildFile; fileRef = 88C97B6B2B0FCD2800078FAB /* ContentViewModel.swift */; };
		88C97B6E2B0FCFD400078FAB /* CovidAPIProtocol.swift in Sources */ = {isa = PBXBuildFile; fileRef = 88C97B6D2B0FCFD400078FAB /* CovidAPIProtocol.swift */; };
		88C97B702B0FD46100078FAB /* NetworkAPIService.swift in Sources */ = {isa = PBXBuildFile; fileRef = 88C97B6F2B0FD46100078FAB /* NetworkAPIService.swift */; };
/* End PBXBuildFile section */

/* Begin PBXContainerItemProxy section */
		88C97B332B0FC35C00078FAB /* PBXContainerItemProxy */ = {
			isa = PBXContainerItemProxy;
			containerPortal = 88C97B1A2B0FC35B00078FAB /* Project object */;
			proxyType = 1;
			remoteGlobalIDString = 88C97B212B0FC35B00078FAB;
			remoteInfo = CovidExamen;
		};
		88C97B3D2B0FC35C00078FAB /* PBXContainerItemProxy */ = {
			isa = PBXContainerItemProxy;
			containerPortal = 88C97B1A2B0FC35B00078FAB /* Project object */;
			proxyType = 1;
			remoteGlobalIDString = 88C97B212B0FC35B00078FAB;
			remoteInfo = CovidExamen;
		};
/* End PBXContainerItemProxy section */

/* Begin PBXFileReference section */
		88C97B222B0FC35B00078FAB /* CovidExamen.app */ = {isa = PBXFileReference; explicitFileType = wrapper.application; includeInIndex = 0; path = CovidExamen.app; sourceTree = BUILT_PRODUCTS_DIR; };
		88C97B252B0FC35B00078FAB /* CovidExamenApp.swift */ = {isa = PBXFileReference; lastKnownFileType = sourcecode.swift; path = CovidExamenApp.swift; sourceTree = "<group>"; };
		88C97B272B0FC35B00078FAB /* ContentView.swift */ = {isa = PBXFileReference; lastKnownFileType = sourcecode.swift; path = ContentView.swift; sourceTree = "<group>"; };
		88C97B292B0FC35C00078FAB /* Assets.xcassets */ = {isa = PBXFileReference; lastKnownFileType = folder.assetcatalog; path = Assets.xcassets; sourceTree = "<group>"; };
		88C97B2C2B0FC35C00078FAB /* Preview Assets.xcassets */ = {isa = PBXFileReference; lastKnownFileType = folder.assetcatalog; path = "Preview Assets.xcassets"; sourceTree = "<group>"; };
		88C97B322B0FC35C00078FAB /* CovidExamenTests.xctest */ = {isa = PBXFileReference; explicitFileType = wrapper.cfbundle; includeInIndex = 0; path = CovidExamenTests.xctest; sourceTree = BUILT_PRODUCTS_DIR; };
		88C97B362B0FC35C00078FAB /* CovidExamenTests.swift */ = {isa = PBXFileReference; lastKnownFileType = sourcecode.swift; path = CovidExamenTests.swift; sourceTree = "<group>"; };
		88C97B3C2B0FC35C00078FAB /* CovidExamenUITests.xctest */ = {isa = PBXFileReference; explicitFileType = wrapper.cfbundle; includeInIndex = 0; path = CovidExamenUITests.xctest; sourceTree = BUILT_PRODUCTS_DIR; };
		88C97B402B0FC35C00078FAB /* CovidExamenUITests.swift */ = {isa = PBXFileReference; lastKnownFileType = sourcecode.swift; path = CovidExamenUITests.swift; sourceTree = "<group>"; };
		88C97B422B0FC35C00078FAB /* CovidExamenUITestsLaunchTests.swift */ = {isa = PBXFileReference; lastKnownFileType = sourcecode.swift; path = CovidExamenUITestsLaunchTests.swift; sourceTree = "<group>"; };
		88C97B5B2B0FC79800078FAB /* NetworkAPIProtocol.swift */ = {isa = PBXFileReference; lastKnownFileType = sourcecode.swift; path = NetworkAPIProtocol.swift; sourceTree = "<group>"; };
		88C97B632B0FC8CB00078FAB /* Covid.swift */ = {isa = PBXFileReference; lastKnownFileType = sourcecode.swift; path = Covid.swift; sourceTree = "<group>"; };
		88C97B652B0FCC3100078FAB /* CovidListRequirement.swift */ = {isa = PBXFileReference; lastKnownFileType = sourcecode.swift; path = CovidListRequirement.swift; sourceTree = "<group>"; };
		88C97B672B0FCC8100078FAB /* CovidRepository.swift */ = {isa = PBXFileReference; lastKnownFileType = sourcecode.swift; path = CovidRepository.swift; sourceTree = "<group>"; };
		88C97B692B0FCCBC00078FAB /* CovidAPIService.swift */ = {isa = PBXFileReference; lastKnownFileType = sourcecode.swift; path = CovidAPIService.swift; sourceTree = "<group>"; };
		88C97B6B2B0FCD2800078FAB /* ContentViewModel.swift */ = {isa = PBXFileReference; lastKnownFileType = sourcecode.swift; path = ContentViewModel.swift; sourceTree = "<group>"; };
		88C97B6D2B0FCFD400078FAB /* CovidAPIProtocol.swift */ = {isa = PBXFileReference; lastKnownFileType = sourcecode.swift; path = CovidAPIProtocol.swift; sourceTree = "<group>"; };
		88C97B6F2B0FD46100078FAB /* NetworkAPIService.swift */ = {isa = PBXFileReference; lastKnownFileType = sourcecode.swift; path = NetworkAPIService.swift; sourceTree = "<group>"; };
/* End PBXFileReference section */

/* Begin PBXFrameworksBuildPhase section */
		88C97B1F2B0FC35B00078FAB /* Frameworks */ = {
			isa = PBXFrameworksBuildPhase;
			buildActionMask = 2147483647;
			files = (
				88C97B622B0FC84200078FAB /* SDWebImageSwiftUI in Frameworks */,
				88C97B5F2B0FC82500078FAB /* Alamofire in Frameworks */,
			);
			runOnlyForDeploymentPostprocessing = 0;
		};
		88C97B2F2B0FC35C00078FAB /* Frameworks */ = {
			isa = PBXFrameworksBuildPhase;
			buildActionMask = 2147483647;
			files = (
			);
			runOnlyForDeploymentPostprocessing = 0;
		};
		88C97B392B0FC35C00078FAB /* Frameworks */ = {
			isa = PBXFrameworksBuildPhase;
			buildActionMask = 2147483647;
			files = (
			);
			runOnlyForDeploymentPostprocessing = 0;
		};
/* End PBXFrameworksBuildPhase section */

/* Begin PBXGroup section */
		88C97B192B0FC35B00078FAB = {
			isa = PBXGroup;
			children = (
				88C97B242B0FC35B00078FAB /* CovidExamen */,
				88C97B352B0FC35C00078FAB /* CovidExamenTests */,
				88C97B3F2B0FC35C00078FAB /* CovidExamenUITests */,
				88C97B232B0FC35B00078FAB /* Products */,
			);
			sourceTree = "<group>";
		};
		88C97B232B0FC35B00078FAB /* Products */ = {
			isa = PBXGroup;
			children = (
				88C97B222B0FC35B00078FAB /* CovidExamen.app */,
				88C97B322B0FC35C00078FAB /* CovidExamenTests.xctest */,
				88C97B3C2B0FC35C00078FAB /* CovidExamenUITests.xctest */,
			);
			name = Products;
			sourceTree = "<group>";
		};
		88C97B242B0FC35B00078FAB /* CovidExamen */ = {
			isa = PBXGroup;
			children = (
				88C97B572B0FC70100078FAB /* Frameworks */,
				88C97B532B0FC6BB00078FAB /* Data */,
				88C97B522B0FC6AF00078FAB /* Domain */,
				88C97B252B0FC35B00078FAB /* CovidExamenApp.swift */,
				88C97B272B0FC35B00078FAB /* ContentView.swift */,
				88C97B292B0FC35C00078FAB /* Assets.xcassets */,
				88C97B2B2B0FC35C00078FAB /* Preview Content */,
			);
			path = CovidExamen;
			sourceTree = "<group>";
		};
		88C97B2B2B0FC35C00078FAB /* Preview Content */ = {
			isa = PBXGroup;
			children = (
				88C97B2C2B0FC35C00078FAB /* Preview Assets.xcassets */,
			);
			path = "Preview Content";
			sourceTree = "<group>";
		};
		88C97B352B0FC35C00078FAB /* CovidExamenTests */ = {
			isa = PBXGroup;
			children = (
				88C97B362B0FC35C00078FAB /* CovidExamenTests.swift */,
			);
			path = CovidExamenTests;
			sourceTree = "<group>";
		};
		88C97B3F2B0FC35C00078FAB /* CovidExamenUITests */ = {
			isa = PBXGroup;
			children = (
				88C97B402B0FC35C00078FAB /* CovidExamenUITests.swift */,
				88C97B422B0FC35C00078FAB /* CovidExamenUITestsLaunchTests.swift */,
			);
			path = CovidExamenUITests;
			sourceTree = "<group>";
		};
		88C97B522B0FC6AF00078FAB /* Domain */ = {
			isa = PBXGroup;
			children = (
				88C97B652B0FCC3100078FAB /* CovidListRequirement.swift */,
			);
			path = Domain;
			sourceTree = "<group>";
		};
		88C97B532B0FC6BB00078FAB /* Data */ = {
			isa = PBXGroup;
			children = (
				88C97B542B0FC6CC00078FAB /* Modelos */,
			);
			path = Data;
			sourceTree = "<group>";
		};
		88C97B542B0FC6CC00078FAB /* Modelos */ = {
			isa = PBXGroup;
			children = (
				88C97B632B0FC8CB00078FAB /* Covid.swift */,
				88C97B562B0FC6EF00078FAB /* Network */,
			);
			path = Modelos;
			sourceTree = "<group>";
		};
		88C97B562B0FC6EF00078FAB /* Network */ = {
			isa = PBXGroup;
			children = (
				88C97B5B2B0FC79800078FAB /* NetworkAPIProtocol.swift */,
				88C97B672B0FCC8100078FAB /* CovidRepository.swift */,
				88C97B692B0FCCBC00078FAB /* CovidAPIService.swift */,
				88C97B6D2B0FCFD400078FAB /* CovidAPIProtocol.swift */,
				88C97B6F2B0FD46100078FAB /* NetworkAPIService.swift */,
			);
			path = Network;
			sourceTree = "<group>";
		};
		88C97B572B0FC70100078FAB /* Frameworks */ = {
			isa = PBXGroup;
			children = (
				88C97B5A2B0FC72700078FAB /* ViewModels */,
				88C97B582B0FC70800078FAB /* Views */,
			);
			path = Frameworks;
			sourceTree = "<group>";
		};
		88C97B582B0FC70800078FAB /* Views */ = {
			isa = PBXGroup;
			children = (
			);
			path = Views;
			sourceTree = "<group>";
		};
		88C97B5A2B0FC72700078FAB /* ViewModels */ = {
			isa = PBXGroup;
			children = (
				88C97B6B2B0FCD2800078FAB /* ContentViewModel.swift */,
			);
			path = ViewModels;
			sourceTree = "<group>";
		};
/* End PBXGroup section */

/* Begin PBXNativeTarget section */
		88C97B212B0FC35B00078FAB /* CovidExamen */ = {
			isa = PBXNativeTarget;
			buildConfigurationList = 88C97B462B0FC35C00078FAB /* Build configuration list for PBXNativeTarget "CovidExamen" */;
			buildPhases = (
				88C97B1E2B0FC35B00078FAB /* Sources */,
				88C97B1F2B0FC35B00078FAB /* Frameworks */,
				88C97B202B0FC35B00078FAB /* Resources */,
			);
			buildRules = (
			);
			dependencies = (
			);
			name = CovidExamen;
			packageProductDependencies = (
				88C97B5E2B0FC82500078FAB /* Alamofire */,
				88C97B612B0FC84200078FAB /* SDWebImageSwiftUI */,
			);
			productName = CovidExamen;
			productReference = 88C97B222B0FC35B00078FAB /* CovidExamen.app */;
			productType = "com.apple.product-type.application";
		};
		88C97B312B0FC35C00078FAB /* CovidExamenTests */ = {
			isa = PBXNativeTarget;
			buildConfigurationList = 88C97B492B0FC35C00078FAB /* Build configuration list for PBXNativeTarget "CovidExamenTests" */;
			buildPhases = (
				88C97B2E2B0FC35C00078FAB /* Sources */,
				88C97B2F2B0FC35C00078FAB /* Frameworks */,
				88C97B302B0FC35C00078FAB /* Resources */,
			);
			buildRules = (
			);
			dependencies = (
				88C97B342B0FC35C00078FAB /* PBXTargetDependency */,
			);
			name = CovidExamenTests;
			productName = CovidExamenTests;
			productReference = 88C97B322B0FC35C00078FAB /* CovidExamenTests.xctest */;
			productType = "com.apple.product-type.bundle.unit-test";
		};
		88C97B3B2B0FC35C00078FAB /* CovidExamenUITests */ = {
			isa = PBXNativeTarget;
			buildConfigurationList = 88C97B4C2B0FC35C00078FAB /* Build configuration list for PBXNativeTarget "CovidExamenUITests" */;
			buildPhases = (
				88C97B382B0FC35C00078FAB /* Sources */,
				88C97B392B0FC35C00078FAB /* Frameworks */,
				88C97B3A2B0FC35C00078FAB /* Resources */,
			);
			buildRules = (
			);
			dependencies = (
				88C97B3E2B0FC35C00078FAB /* PBXTargetDependency */,
			);
			name = CovidExamenUITests;
			productName = CovidExamenUITests;
			productReference = 88C97B3C2B0FC35C00078FAB /* CovidExamenUITests.xctest */;
			productType = "com.apple.product-type.bundle.ui-testing";
		};
/* End PBXNativeTarget section */

/* Begin PBXProject section */
		88C97B1A2B0FC35B00078FAB /* Project object */ = {
			isa = PBXProject;
			attributes = {
				BuildIndependentTargetsInParallel = 1;
				LastSwiftUpdateCheck = 1500;
				LastUpgradeCheck = 1500;
				TargetAttributes = {
					88C97B212B0FC35B00078FAB = {
						CreatedOnToolsVersion = 15.0.1;
					};
					88C97B312B0FC35C00078FAB = {
						CreatedOnToolsVersion = 15.0.1;
						TestTargetID = 88C97B212B0FC35B00078FAB;
					};
					88C97B3B2B0FC35C00078FAB = {
						CreatedOnToolsVersion = 15.0.1;
						TestTargetID = 88C97B212B0FC35B00078FAB;
					};
				};
			};
			buildConfigurationList = 88C97B1D2B0FC35B00078FAB /* Build configuration list for PBXProject "CovidExamen" */;
			compatibilityVersion = "Xcode 14.0";
			developmentRegion = en;
			hasScannedForEncodings = 0;
			knownRegions = (
				en,
				Base,
			);
			mainGroup = 88C97B192B0FC35B00078FAB;
			packageReferences = (
				88C97B5D2B0FC82500078FAB /* XCRemoteSwiftPackageReference "Alamofire" */,
				88C97B602B0FC84200078FAB /* XCRemoteSwiftPackageReference "SDWebImageSwiftUI" */,
			);
			productRefGroup = 88C97B232B0FC35B00078FAB /* Products */;
			projectDirPath = "";
			projectRoot = "";
			targets = (
				88C97B212B0FC35B00078FAB /* CovidExamen */,
				88C97B312B0FC35C00078FAB /* CovidExamenTests */,
				88C97B3B2B0FC35C00078FAB /* CovidExamenUITests */,
			);
		};
/* End PBXProject section */

/* Begin PBXResourcesBuildPhase section */
		88C97B202B0FC35B00078FAB /* Resources */ = {
			isa = PBXResourcesBuildPhase;
			buildActionMask = 2147483647;
			files = (
				88C97B2D2B0FC35C00078FAB /* Preview Assets.xcassets in Resources */,
				88C97B2A2B0FC35C00078FAB /* Assets.xcassets in Resources */,
			);
			runOnlyForDeploymentPostprocessing = 0;
		};
		88C97B302B0FC35C00078FAB /* Resources */ = {
			isa = PBXResourcesBuildPhase;
			buildActionMask = 2147483647;
			files = (
			);
			runOnlyForDeploymentPostprocessing = 0;
		};
		88C97B3A2B0FC35C00078FAB /* Resources */ = {
			isa = PBXResourcesBuildPhase;
			buildActionMask = 2147483647;
			files = (
			);
			runOnlyForDeploymentPostprocessing = 0;
		};
/* End PBXResourcesBuildPhase section */

/* Begin PBXSourcesBuildPhase section */
		88C97B1E2B0FC35B00078FAB /* Sources */ = {
			isa = PBXSourcesBuildPhase;
			buildActionMask = 2147483647;
			files = (
				88C97B6C2B0FCD2800078FAB /* ContentViewModel.swift in Sources */,
				88C97B702B0FD46100078FAB /* NetworkAPIService.swift in Sources */,
				88C97B6E2B0FCFD400078FAB /* CovidAPIProtocol.swift in Sources */,
				88C97B5C2B0FC79800078FAB /* NetworkAPIProtocol.swift in Sources */,
				88C97B282B0FC35B00078FAB /* ContentView.swift in Sources */,
				88C97B662B0FCC3100078FAB /* CovidListRequirement.swift in Sources */,
				88C97B6A2B0FCCBC00078FAB /* CovidAPIService.swift in Sources */,
				88C97B262B0FC35B00078FAB /* CovidExamenApp.swift in Sources */,
				88C97B642B0FC8CB00078FAB /* Covid.swift in Sources */,
				88C97B682B0FCC8100078FAB /* CovidRepository.swift in Sources */,
			);
			runOnlyForDeploymentPostprocessing = 0;
		};
		88C97B2E2B0FC35C00078FAB /* Sources */ = {
			isa = PBXSourcesBuildPhase;
			buildActionMask = 2147483647;
			files = (
				88C97B372B0FC35C00078FAB /* CovidExamenTests.swift in Sources */,
			);
			runOnlyForDeploymentPostprocessing = 0;
		};
		88C97B382B0FC35C00078FAB /* Sources */ = {
			isa = PBXSourcesBuildPhase;
			buildActionMask = 2147483647;
			files = (
				88C97B432B0FC35C00078FAB /* CovidExamenUITestsLaunchTests.swift in Sources */,
				88C97B412B0FC35C00078FAB /* CovidExamenUITests.swift in Sources */,
			);
			runOnlyForDeploymentPostprocessing = 0;
		};
/* End PBXSourcesBuildPhase section */

/* Begin PBXTargetDependency section */
		88C97B342B0FC35C00078FAB /* PBXTargetDependency */ = {
			isa = PBXTargetDependency;
			target = 88C97B212B0FC35B00078FAB /* CovidExamen */;
			targetProxy = 88C97B332B0FC35C00078FAB /* PBXContainerItemProxy */;
		};
		88C97B3E2B0FC35C00078FAB /* PBXTargetDependency */ = {
			isa = PBXTargetDependency;
			target = 88C97B212B0FC35B00078FAB /* CovidExamen */;
			targetProxy = 88C97B3D2B0FC35C00078FAB /* PBXContainerItemProxy */;
		};
/* End PBXTargetDependency section */

/* Begin XCBuildConfiguration section */
		88C97B442B0FC35C00078FAB /* Debug */ = {
			isa = XCBuildConfiguration;
			buildSettings = {
				ALWAYS_SEARCH_USER_PATHS = NO;
				ASSETCATALOG_COMPILER_GENERATE_SWIFT_ASSET_SYMBOL_EXTENSIONS = YES;
				CLANG_ANALYZER_NONNULL = YES;
				CLANG_ANALYZER_NUMBER_OBJECT_CONVERSION = YES_AGGRESSIVE;
				CLANG_CXX_LANGUAGE_STANDARD = "gnu++20";
				CLANG_ENABLE_MODULES = YES;
				CLANG_ENABLE_OBJC_ARC = YES;
				CLANG_ENABLE_OBJC_WEAK = YES;
				CLANG_WARN_BLOCK_CAPTURE_AUTORELEASING = YES;
				CLANG_WARN_BOOL_CONVERSION = YES;
				CLANG_WARN_COMMA = YES;
				CLANG_WARN_CONSTANT_CONVERSION = YES;
				CLANG_WARN_DEPRECATED_OBJC_IMPLEMENTATIONS = YES;
				CLANG_WARN_DIRECT_OBJC_ISA_USAGE = YES_ERROR;
				CLANG_WARN_DOCUMENTATION_COMMENTS = YES;
				CLANG_WARN_EMPTY_BODY = YES;
				CLANG_WARN_ENUM_CONVERSION = YES;
				CLANG_WARN_INFINITE_RECURSION = YES;
				CLANG_WARN_INT_CONVERSION = YES;
				CLANG_WARN_NON_LITERAL_NULL_CONVERSION = YES;
				CLANG_WARN_OBJC_IMPLICIT_RETAIN_SELF = YES;
				CLANG_WARN_OBJC_LITERAL_CONVERSION = YES;
				CLANG_WARN_OBJC_ROOT_CLASS = YES_ERROR;
				CLANG_WARN_QUOTED_INCLUDE_IN_FRAMEWORK_HEADER = YES;
				CLANG_WARN_RANGE_LOOP_ANALYSIS = YES;
				CLANG_WARN_STRICT_PROTOTYPES = YES;
				CLANG_WARN_SUSPICIOUS_MOVE = YES;
				CLANG_WARN_UNGUARDED_AVAILABILITY = YES_AGGRESSIVE;
				CLANG_WARN_UNREACHABLE_CODE = YES;
				CLANG_WARN__DUPLICATE_METHOD_MATCH = YES;
				COPY_PHASE_STRIP = NO;
				DEBUG_INFORMATION_FORMAT = dwarf;
				ENABLE_STRICT_OBJC_MSGSEND = YES;
				ENABLE_TESTABILITY = YES;
				ENABLE_USER_SCRIPT_SANDBOXING = YES;
				GCC_C_LANGUAGE_STANDARD = gnu17;
				GCC_DYNAMIC_NO_PIC = NO;
				GCC_NO_COMMON_BLOCKS = YES;
				GCC_OPTIMIZATION_LEVEL = 0;
				GCC_PREPROCESSOR_DEFINITIONS = (
					"DEBUG=1",
					"$(inherited)",
				);
				GCC_WARN_64_TO_32_BIT_CONVERSION = YES;
				GCC_WARN_ABOUT_RETURN_TYPE = YES_ERROR;
				GCC_WARN_UNDECLARED_SELECTOR = YES;
				GCC_WARN_UNINITIALIZED_AUTOS = YES_AGGRESSIVE;
				GCC_WARN_UNUSED_FUNCTION = YES;
				GCC_WARN_UNUSED_VARIABLE = YES;
				IPHONEOS_DEPLOYMENT_TARGET = 17.0;
				LOCALIZATION_PREFERS_STRING_CATALOGS = YES;
				MTL_ENABLE_DEBUG_INFO = INCLUDE_SOURCE;
				MTL_FAST_MATH = YES;
				ONLY_ACTIVE_ARCH = YES;
				SDKROOT = iphoneos;
				SWIFT_ACTIVE_COMPILATION_CONDITIONS = "DEBUG $(inherited)";
				SWIFT_OPTIMIZATION_LEVEL = "-Onone";
			};
			name = Debug;
		};
		88C97B452B0FC35C00078FAB /* Release */ = {
			isa = XCBuildConfiguration;
			buildSettings = {
				ALWAYS_SEARCH_USER_PATHS = NO;
				ASSETCATALOG_COMPILER_GENERATE_SWIFT_ASSET_SYMBOL_EXTENSIONS = YES;
				CLANG_ANALYZER_NONNULL = YES;
				CLANG_ANALYZER_NUMBER_OBJECT_CONVERSION = YES_AGGRESSIVE;
				CLANG_CXX_LANGUAGE_STANDARD = "gnu++20";
				CLANG_ENABLE_MODULES = YES;
				CLANG_ENABLE_OBJC_ARC = YES;
				CLANG_ENABLE_OBJC_WEAK = YES;
				CLANG_WARN_BLOCK_CAPTURE_AUTORELEASING = YES;
				CLANG_WARN_BOOL_CONVERSION = YES;
				CLANG_WARN_COMMA = YES;
				CLANG_WARN_CONSTANT_CONVERSION = YES;
				CLANG_WARN_DEPRECATED_OBJC_IMPLEMENTATIONS = YES;
				CLANG_WARN_DIRECT_OBJC_ISA_USAGE = YES_ERROR;
				CLANG_WARN_DOCUMENTATION_COMMENTS = YES;
				CLANG_WARN_EMPTY_BODY = YES;
				CLANG_WARN_ENUM_CONVERSION = YES;
				CLANG_WARN_INFINITE_RECURSION = YES;
				CLANG_WARN_INT_CONVERSION = YES;
				CLANG_WARN_NON_LITERAL_NULL_CONVERSION = YES;
				CLANG_WARN_OBJC_IMPLICIT_RETAIN_SELF = YES;
				CLANG_WARN_OBJC_LITERAL_CONVERSION = YES;
				CLANG_WARN_OBJC_ROOT_CLASS = YES_ERROR;
				CLANG_WARN_QUOTED_INCLUDE_IN_FRAMEWORK_HEADER = YES;
				CLANG_WARN_RANGE_LOOP_ANALYSIS = YES;
				CLANG_WARN_STRICT_PROTOTYPES = YES;
				CLANG_WARN_SUSPICIOUS_MOVE = YES;
				CLANG_WARN_UNGUARDED_AVAILABILITY = YES_AGGRESSIVE;
				CLANG_WARN_UNREACHABLE_CODE = YES;
				CLANG_WARN__DUPLICATE_METHOD_MATCH = YES;
				COPY_PHASE_STRIP = NO;
				DEBUG_INFORMATION_FORMAT = "dwarf-with-dsym";
				ENABLE_NS_ASSERTIONS = NO;
				ENABLE_STRICT_OBJC_MSGSEND = YES;
				ENABLE_USER_SCRIPT_SANDBOXING = YES;
				GCC_C_LANGUAGE_STANDARD = gnu17;
				GCC_NO_COMMON_BLOCKS = YES;
				GCC_WARN_64_TO_32_BIT_CONVERSION = YES;
				GCC_WARN_ABOUT_RETURN_TYPE = YES_ERROR;
				GCC_WARN_UNDECLARED_SELECTOR = YES;
				GCC_WARN_UNINITIALIZED_AUTOS = YES_AGGRESSIVE;
				GCC_WARN_UNUSED_FUNCTION = YES;
				GCC_WARN_UNUSED_VARIABLE = YES;
				IPHONEOS_DEPLOYMENT_TARGET = 17.0;
				LOCALIZATION_PREFERS_STRING_CATALOGS = YES;
				MTL_ENABLE_DEBUG_INFO = NO;
				MTL_FAST_MATH = YES;
				SDKROOT = iphoneos;
				SWIFT_COMPILATION_MODE = wholemodule;
				VALIDATE_PRODUCT = YES;
			};
			name = Release;
		};
		88C97B472B0FC35C00078FAB /* Debug */ = {
			isa = XCBuildConfiguration;
			buildSettings = {
				ASSETCATALOG_COMPILER_APPICON_NAME = AppIcon;
				ASSETCATALOG_COMPILER_GLOBAL_ACCENT_COLOR_NAME = AccentColor;
				CODE_SIGN_STYLE = Automatic;
				CURRENT_PROJECT_VERSION = 1;
				DEVELOPMENT_ASSET_PATHS = "\"CovidExamen/Preview Content\"";
				DEVELOPMENT_TEAM = FWWM8PYADV;
				ENABLE_PREVIEWS = YES;
				GENERATE_INFOPLIST_FILE = YES;
				INFOPLIST_KEY_UIApplicationSceneManifest_Generation = YES;
				INFOPLIST_KEY_UIApplicationSupportsIndirectInputEvents = YES;
				INFOPLIST_KEY_UILaunchScreen_Generation = YES;
				INFOPLIST_KEY_UISupportedInterfaceOrientations_iPad = "UIInterfaceOrientationPortrait UIInterfaceOrientationPortraitUpsideDown UIInterfaceOrientationLandscapeLeft UIInterfaceOrientationLandscapeRight";
				INFOPLIST_KEY_UISupportedInterfaceOrientations_iPhone = "UIInterfaceOrientationPortrait UIInterfaceOrientationLandscapeLeft UIInterfaceOrientationLandscapeRight";
				LD_RUNPATH_SEARCH_PATHS = (
					"$(inherited)",
					"@executable_path/Frameworks",
				);
				MARKETING_VERSION = 1.0;
				PRODUCT_BUNDLE_IDENTIFIER = com.example.CovidExamen;
				PRODUCT_NAME = "$(TARGET_NAME)";
				SWIFT_EMIT_LOC_STRINGS = YES;
				SWIFT_VERSION = 5.0;
				TARGETED_DEVICE_FAMILY = "1,2";
			};
			name = Debug;
		};
		88C97B482B0FC35C00078FAB /* Release */ = {
			isa = XCBuildConfiguration;
			buildSettings = {
				ASSETCATALOG_COMPILER_APPICON_NAME = AppIcon;
				ASSETCATALOG_COMPILER_GLOBAL_ACCENT_COLOR_NAME = AccentColor;
				CODE_SIGN_STYLE = Automatic;
				CURRENT_PROJECT_VERSION = 1;
				DEVELOPMENT_ASSET_PATHS = "\"CovidExamen/Preview Content\"";
				DEVELOPMENT_TEAM = FWWM8PYADV;
				ENABLE_PREVIEWS = YES;
				GENERATE_INFOPLIST_FILE = YES;
				INFOPLIST_KEY_UIApplicationSceneManifest_Generation = YES;
				INFOPLIST_KEY_UIApplicationSupportsIndirectInputEvents = YES;
				INFOPLIST_KEY_UILaunchScreen_Generation = YES;
				INFOPLIST_KEY_UISupportedInterfaceOrientations_iPad = "UIInterfaceOrientationPortrait UIInterfaceOrientationPortraitUpsideDown UIInterfaceOrientationLandscapeLeft UIInterfaceOrientationLandscapeRight";
				INFOPLIST_KEY_UISupportedInterfaceOrientations_iPhone = "UIInterfaceOrientationPortrait UIInterfaceOrientationLandscapeLeft UIInterfaceOrientationLandscapeRight";
				LD_RUNPATH_SEARCH_PATHS = (
					"$(inherited)",
					"@executable_path/Frameworks",
				);
				MARKETING_VERSION = 1.0;
				PRODUCT_BUNDLE_IDENTIFIER = com.example.CovidExamen;
				PRODUCT_NAME = "$(TARGET_NAME)";
				SWIFT_EMIT_LOC_STRINGS = YES;
				SWIFT_VERSION = 5.0;
				TARGETED_DEVICE_FAMILY = "1,2";
			};
			name = Release;
		};
		88C97B4A2B0FC35C00078FAB /* Debug */ = {
			isa = XCBuildConfiguration;
			buildSettings = {
				ALWAYS_EMBED_SWIFT_STANDARD_LIBRARIES = YES;
				BUNDLE_LOADER = "$(TEST_HOST)";
				CODE_SIGN_STYLE = Automatic;
				CURRENT_PROJECT_VERSION = 1;
				DEVELOPMENT_TEAM = FWWM8PYADV;
				GENERATE_INFOPLIST_FILE = YES;
				IPHONEOS_DEPLOYMENT_TARGET = 17.0;
				MARKETING_VERSION = 1.0;
				PRODUCT_BUNDLE_IDENTIFIER = com.example.CovidExamenTests;
				PRODUCT_NAME = "$(TARGET_NAME)";
				SWIFT_EMIT_LOC_STRINGS = NO;
				SWIFT_VERSION = 5.0;
				TARGETED_DEVICE_FAMILY = "1,2";
				TEST_HOST = "$(BUILT_PRODUCTS_DIR)/CovidExamen.app/$(BUNDLE_EXECUTABLE_FOLDER_PATH)/CovidExamen";
			};
			name = Debug;
		};
		88C97B4B2B0FC35C00078FAB /* Release */ = {
			isa = XCBuildConfiguration;
			buildSettings = {
				ALWAYS_EMBED_SWIFT_STANDARD_LIBRARIES = YES;
				BUNDLE_LOADER = "$(TEST_HOST)";
				CODE_SIGN_STYLE = Automatic;
				CURRENT_PROJECT_VERSION = 1;
				DEVELOPMENT_TEAM = FWWM8PYADV;
				GENERATE_INFOPLIST_FILE = YES;
				IPHONEOS_DEPLOYMENT_TARGET = 17.0;
				MARKETING_VERSION = 1.0;
				PRODUCT_BUNDLE_IDENTIFIER = com.example.CovidExamenTests;
				PRODUCT_NAME = "$(TARGET_NAME)";
				SWIFT_EMIT_LOC_STRINGS = NO;
				SWIFT_VERSION = 5.0;
				TARGETED_DEVICE_FAMILY = "1,2";
				TEST_HOST = "$(BUILT_PRODUCTS_DIR)/CovidExamen.app/$(BUNDLE_EXECUTABLE_FOLDER_PATH)/CovidExamen";
			};
			name = Release;
		};
		88C97B4D2B0FC35C00078FAB /* Debug */ = {
			isa = XCBuildConfiguration;
			buildSettings = {
				ALWAYS_EMBED_SWIFT_STANDARD_LIBRARIES = YES;
				CODE_SIGN_STYLE = Automatic;
				CURRENT_PROJECT_VERSION = 1;
				DEVELOPMENT_TEAM = FWWM8PYADV;
				GENERATE_INFOPLIST_FILE = YES;
				MARKETING_VERSION = 1.0;
				PRODUCT_BUNDLE_IDENTIFIER = com.example.CovidExamenUITests;
				PRODUCT_NAME = "$(TARGET_NAME)";
				SWIFT_EMIT_LOC_STRINGS = NO;
				SWIFT_VERSION = 5.0;
				TARGETED_DEVICE_FAMILY = "1,2";
				TEST_TARGET_NAME = CovidExamen;
			};
			name = Debug;
		};
		88C97B4E2B0FC35C00078FAB /* Release */ = {
			isa = XCBuildConfiguration;
			buildSettings = {
				ALWAYS_EMBED_SWIFT_STANDARD_LIBRARIES = YES;
				CODE_SIGN_STYLE = Automatic;
				CURRENT_PROJECT_VERSION = 1;
				DEVELOPMENT_TEAM = FWWM8PYADV;
				GENERATE_INFOPLIST_FILE = YES;
				MARKETING_VERSION = 1.0;
				PRODUCT_BUNDLE_IDENTIFIER = com.example.CovidExamenUITests;
				PRODUCT_NAME = "$(TARGET_NAME)";
				SWIFT_EMIT_LOC_STRINGS = NO;
				SWIFT_VERSION = 5.0;
				TARGETED_DEVICE_FAMILY = "1,2";
				TEST_TARGET_NAME = CovidExamen;
			};
			name = Release;
		};
/* End XCBuildConfiguration section */

/* Begin XCConfigurationList section */
		88C97B1D2B0FC35B00078FAB /* Build configuration list for PBXProject "CovidExamen" */ = {
			isa = XCConfigurationList;
			buildConfigurations = (
				88C97B442B0FC35C00078FAB /* Debug */,
				88C97B452B0FC35C00078FAB /* Release */,
			);
			defaultConfigurationIsVisible = 0;
			defaultConfigurationName = Release;
		};
		88C97B462B0FC35C00078FAB /* Build configuration list for PBXNativeTarget "CovidExamen" */ = {
			isa = XCConfigurationList;
			buildConfigurations = (
				88C97B472B0FC35C00078FAB /* Debug */,
				88C97B482B0FC35C00078FAB /* Release */,
			);
			defaultConfigurationIsVisible = 0;
			defaultConfigurationName = Release;
		};
		88C97B492B0FC35C00078FAB /* Build configuration list for PBXNativeTarget "CovidExamenTests" */ = {
			isa = XCConfigurationList;
			buildConfigurations = (
				88C97B4A2B0FC35C00078FAB /* Debug */,
				88C97B4B2B0FC35C00078FAB /* Release */,
			);
			defaultConfigurationIsVisible = 0;
			defaultConfigurationName = Release;
		};
		88C97B4C2B0FC35C00078FAB /* Build configuration list for PBXNativeTarget "CovidExamenUITests" */ = {
			isa = XCConfigurationList;
			buildConfigurations = (
				88C97B4D2B0FC35C00078FAB /* Debug */,
				88C97B4E2B0FC35C00078FAB /* Release */,
			);
			defaultConfigurationIsVisible = 0;
			defaultConfigurationName = Release;
		};
/* End XCConfigurationList section */

/* Begin XCRemoteSwiftPackageReference section */
		88C97B5D2B0FC82500078FAB /* XCRemoteSwiftPackageReference "Alamofire" */ = {
			isa = XCRemoteSwiftPackageReference;
			repositoryURL = "https://github.com/Alamofire/Alamofire.git";
			requirement = {
				kind = upToNextMajorVersion;
				minimumVersion = 5.8.1;
			};
		};
		88C97B602B0FC84200078FAB /* XCRemoteSwiftPackageReference "SDWebImageSwiftUI" */ = {
			isa = XCRemoteSwiftPackageReference;
			repositoryURL = "https://github.com/SDWebImage/SDWebImageSwiftUI";
			requirement = {
				kind = upToNextMajorVersion;
				minimumVersion = 2.2.4;
			};
		};
/* End XCRemoteSwiftPackageReference section */

/* Begin XCSwiftPackageProductDependency section */
		88C97B5E2B0FC82500078FAB /* Alamofire */ = {
			isa = XCSwiftPackageProductDependency;
			package = 88C97B5D2B0FC82500078FAB /* XCRemoteSwiftPackageReference "Alamofire" */;
			productName = Alamofire;
		};
		88C97B612B0FC84200078FAB /* SDWebImageSwiftUI */ = {
			isa = XCSwiftPackageProductDependency;
			package = 88C97B602B0FC84200078FAB /* XCRemoteSwiftPackageReference "SDWebImageSwiftUI" */;
			productName = SDWebImageSwiftUI;
		};
/* End XCSwiftPackageProductDependency section */
	};
	rootObject = 88C97B1A2B0FC35B00078FAB /* Project object */;
}
